
Microsoft Visual Studio Solution File, Format Version 12.00
# Visual Studio 2013
VisualStudioVersion = 12.0.31101.0
MinimumVisualStudioVersion = 10.0.40219.1
Project("{FAE04EC0-301F-11D3-BF4B-00C04F79EFBC}") = "OdeToFood", "OdeToFood\OdeToFood.csproj", "{CC396BEF-EF71-421E-BCA7-667AF27918BA}"
EndProject
Project("{FAE04EC0-301F-11D3-BF4B-00C04F79EFBC}") = "OdeToFood.Tests", "OdeToFood.Tests\OdeToFood.Tests.csproj", "{0FC5CDB5-30B4-4AF1-AD89-78F3AF623971}"
EndProject
Global
	GlobalSection(SolutionConfigurationPlatforms) = preSolution
		Debug|Any CPU = Debug|Any CPU
		Release|Any CPU = Release|Any CPU
	EndGlobalSection
	GlobalSection(ProjectConfigurationPlatforms) = postSolution
		{CC396BEF-EF71-421E-BCA7-667AF27918BA}.Debug|Any CPU.ActiveCfg = Debug|Any CPU
		{CC396BEF-EF71-421E-BCA7-667AF27918BA}.Debug|Any CPU.Build.0 = Debug|Any CPU
		{CC396BEF-EF71-421E-BCA7-667AF27918BA}.Release|Any CPU.ActiveCfg = Release|Any CPU
		{CC396BEF-EF71-421E-BCA7-667AF27918BA}.Release|Any CPU.Build.0 = Release|Any CPU
		{0FC5CDB5-30B4-4AF1-AD89-78F3AF623971}.Debug|Any CPU.ActiveCfg = Debug|Any CPU
		{0FC5CDB5-30B4-4AF1-AD89-78F3AF623971}.Debug|Any CPU.Build.0 = Debug|Any CPU
		{0FC5CDB5-30B4-4AF1-AD89-78F3AF623971}.Release|Any CPU.ActiveCfg = Release|Any CPU
		{0FC5CDB5-30B4-4AF1-AD89-78F3AF623971}.Release|Any CPU.Build.0 = Release|Any CPU
	EndGlobalSection
	GlobalSection(SolutionProperties) = preSolution
		HideSolutionNode = FALSE
	EndGlobalSection
EndGlobal
